// !$*UTF8*$!
{
	archiveVersion = 1;
	classes = {
	};
	objectVersion = 46;
	objects = {

/* Begin PBXBuildFile section */
		041D5EA820283CA400259E2F /* Data+Ext.swift in Sources */ = {isa = PBXBuildFile; fileRef = 041D5EA720283CA400259E2F /* Data+Ext.swift */; };
		042DEA561EEA54A2008F2F46 /* UIImage+Extensions.swift in Sources */ = {isa = PBXBuildFile; fileRef = 042DEA551EEA54A2008F2F46 /* UIImage+Extensions.swift */; };
		04370DE11EC35D8B00CC382B /* AppDelegate.swift in Sources */ = {isa = PBXBuildFile; fileRef = 04370DE01EC35D8B00CC382B /* AppDelegate.swift */; };
		04370DE31EC35D8B00CC382B /* ViewController.swift in Sources */ = {isa = PBXBuildFile; fileRef = 04370DE21EC35D8B00CC382B /* ViewController.swift */; };
		04370DE61EC35D8C00CC382B /* Main.storyboard in Resources */ = {isa = PBXBuildFile; fileRef = 04370DE41EC35D8C00CC382B /* Main.storyboard */; };
		04370DE81EC35D8C00CC382B /* Assets.xcassets in Resources */ = {isa = PBXBuildFile; fileRef = 04370DE71EC35D8C00CC382B /* Assets.xcassets */; };
		04370DEB1EC35D8C00CC382B /* LaunchScreen.storyboard in Resources */ = {isa = PBXBuildFile; fileRef = 04370DE91EC35D8C00CC382B /* LaunchScreen.storyboard */; };
		04370E391EC3608D00CC382B /* assert.js in Resources */ = {isa = PBXBuildFile; fileRef = 04370DF41EC3608C00CC382B /* assert.js */; };
		04370E3A1EC3608D00CC382B /* normalize.css in Resources */ = {isa = PBXBuildFile; fileRef = 04370DF51EC3608C00CC382B /* normalize.css */; };
		04370E3B1EC3608D00CC382B /* rich_editor.html in Resources */ = {isa = PBXBuildFile; fileRef = 04370DF61EC3608C00CC382B /* rich_editor.html */; };
		04370E3C1EC3608D00CC382B /* rich_editor.js in Resources */ = {isa = PBXBuildFile; fileRef = 04370DF71EC3608C00CC382B /* rich_editor.js */; };
		04370E3D1EC3608D00CC382B /* rich_editor_tests.html in Resources */ = {isa = PBXBuildFile; fileRef = 04370DF81EC3608C00CC382B /* rich_editor_tests.html */; };
		04370E3E1EC3608D00CC382B /* rich_editor_tests.js in Resources */ = {isa = PBXBuildFile; fileRef = 04370DF91EC3608C00CC382B /* rich_editor_tests.js */; };
		04370E3F1EC3608D00CC382B /* style.css in Resources */ = {isa = PBXBuildFile; fileRef = 04370DFA1EC3608C00CC382B /* style.css */; };
		04370E401EC3608D00CC382B /* bg_color.png in Resources */ = {isa = PBXBuildFile; fileRef = 04370DFC1EC3608C00CC382B /* bg_color.png */; };
		04370E411EC3608D00CC382B /* bg_color@2x.png in Resources */ = {isa = PBXBuildFile; fileRef = 04370DFD1EC3608C00CC382B /* bg_color@2x.png */; };
		04370E421EC3608D00CC382B /* bold.png in Resources */ = {isa = PBXBuildFile; fileRef = 04370DFE1EC3608C00CC382B /* bold.png */; };
		04370E431EC3608D00CC382B /* bold@2x.png in Resources */ = {isa = PBXBuildFile; fileRef = 04370DFF1EC3608C00CC382B /* bold@2x.png */; };
		04370E441EC3608D00CC382B /* clear.png in Resources */ = {isa = PBXBuildFile; fileRef = 04370E001EC3608C00CC382B /* clear.png */; };
		04370E451EC3608D00CC382B /* clear@2x.png in Resources */ = {isa = PBXBuildFile; fileRef = 04370E011EC3608C00CC382B /* clear@2x.png */; };
		04370E461EC3608D00CC382B /* h1.png in Resources */ = {isa = PBXBuildFile; fileRef = 04370E021EC3608C00CC382B /* h1.png */; };
		04370E471EC3608D00CC382B /* h1@2x.png in Resources */ = {isa = PBXBuildFile; fileRef = 04370E031EC3608C00CC382B /* h1@2x.png */; };
		04370E481EC3608D00CC382B /* h2.png in Resources */ = {isa = PBXBuildFile; fileRef = 04370E041EC3608C00CC382B /* h2.png */; };
		04370E491EC3608D00CC382B /* h2@2x.png in Resources */ = {isa = PBXBuildFile; fileRef = 04370E051EC3608C00CC382B /* h2@2x.png */; };
		04370E4A1EC3608D00CC382B /* h3.png in Resources */ = {isa = PBXBuildFile; fileRef = 04370E061EC3608C00CC382B /* h3.png */; };
		04370E4B1EC3608D00CC382B /* h3@2x.png in Resources */ = {isa = PBXBuildFile; fileRef = 04370E071EC3608C00CC382B /* h3@2x.png */; };
		04370E4C1EC3608D00CC382B /* h4.png in Resources */ = {isa = PBXBuildFile; fileRef = 04370E081EC3608C00CC382B /* h4.png */; };
		04370E4D1EC3608D00CC382B /* h4@2x.png in Resources */ = {isa = PBXBuildFile; fileRef = 04370E091EC3608C00CC382B /* h4@2x.png */; };
		04370E4E1EC3608D00CC382B /* h5.png in Resources */ = {isa = PBXBuildFile; fileRef = 04370E0A1EC3608C00CC382B /* h5.png */; };
		04370E4F1EC3608D00CC382B /* h5@2x.png in Resources */ = {isa = PBXBuildFile; fileRef = 04370E0B1EC3608C00CC382B /* h5@2x.png */; };
		04370E501EC3608D00CC382B /* h6.png in Resources */ = {isa = PBXBuildFile; fileRef = 04370E0C1EC3608C00CC382B /* h6.png */; };
		04370E511EC3608D00CC382B /* h6@2x.png in Resources */ = {isa = PBXBuildFile; fileRef = 04370E0D1EC3608C00CC382B /* h6@2x.png */; };
		04370E521EC3608D00CC382B /* indent.png in Resources */ = {isa = PBXBuildFile; fileRef = 04370E0E1EC3608C00CC382B /* indent.png */; };
		04370E531EC3608D00CC382B /* indent@2x.png in Resources */ = {isa = PBXBuildFile; fileRef = 04370E0F1EC3608C00CC382B /* indent@2x.png */; };
		04370E541EC3608D00CC382B /* insert_image.png in Resources */ = {isa = PBXBuildFile; fileRef = 04370E101EC3608C00CC382B /* insert_image.png */; };
		04370E551EC3608D00CC382B /* insert_image@2x.png in Resources */ = {isa = PBXBuildFile; fileRef = 04370E111EC3608C00CC382B /* insert_image@2x.png */; };
		04370E561EC3608D00CC382B /* insert_link.png in Resources */ = {isa = PBXBuildFile; fileRef = 04370E121EC3608C00CC382B /* insert_link.png */; };
		04370E571EC3608D00CC382B /* insert_link@2x.png in Resources */ = {isa = PBXBuildFile; fileRef = 04370E131EC3608C00CC382B /* insert_link@2x.png */; };
		04370E581EC3608D00CC382B /* italic.png in Resources */ = {isa = PBXBuildFile; fileRef = 04370E141EC3608C00CC382B /* italic.png */; };
		04370E591EC3608D00CC382B /* italic@2x.png in Resources */ = {isa = PBXBuildFile; fileRef = 04370E151EC3608C00CC382B /* italic@2x.png */; };
		04370E5A1EC3608D00CC382B /* justify_center.png in Resources */ = {isa = PBXBuildFile; fileRef = 04370E161EC3608C00CC382B /* justify_center.png */; };
		04370E5B1EC3608D00CC382B /* justify_center@2x.png in Resources */ = {isa = PBXBuildFile; fileRef = 04370E171EC3608C00CC382B /* justify_center@2x.png */; };
		04370E5C1EC3608D00CC382B /* justify_left.png in Resources */ = {isa = PBXBuildFile; fileRef = 04370E181EC3608C00CC382B /* justify_left.png */; };
		04370E5D1EC3608D00CC382B /* justify_left@2x.png in Resources */ = {isa = PBXBuildFile; fileRef = 04370E191EC3608C00CC382B /* justify_left@2x.png */; };
		04370E5E1EC3608D00CC382B /* justify_right.png in Resources */ = {isa = PBXBuildFile; fileRef = 04370E1A1EC3608C00CC382B /* justify_right.png */; };
		04370E5F1EC3608D00CC382B /* justify_right@2x.png in Resources */ = {isa = PBXBuildFile; fileRef = 04370E1B1EC3608C00CC382B /* justify_right@2x.png */; };
		04370E601EC3608D00CC382B /* ordered_list.png in Resources */ = {isa = PBXBuildFile; fileRef = 04370E1C1EC3608C00CC382B /* ordered_list.png */; };
		04370E611EC3608D00CC382B /* ordered_list@2x.png in Resources */ = {isa = PBXBuildFile; fileRef = 04370E1D1EC3608C00CC382B /* ordered_list@2x.png */; };
		04370E621EC3608D00CC382B /* outdent.png in Resources */ = {isa = PBXBuildFile; fileRef = 04370E1E1EC3608C00CC382B /* outdent.png */; };
		04370E631EC3608D00CC382B /* outdent@2x.png in Resources */ = {isa = PBXBuildFile; fileRef = 04370E1F1EC3608C00CC382B /* outdent@2x.png */; };
		04370E641EC3608D00CC382B /* redo.png in Resources */ = {isa = PBXBuildFile; fileRef = 04370E201EC3608C00CC382B /* redo.png */; };
		04370E651EC3608D00CC382B /* redo@2x.png in Resources */ = {isa = PBXBuildFile; fileRef = 04370E211EC3608C00CC382B /* redo@2x.png */; };
		04370E661EC3608D00CC382B /* strikethrough.png in Resources */ = {isa = PBXBuildFile; fileRef = 04370E221EC3608C00CC382B /* strikethrough.png */; };
		04370E671EC3608D00CC382B /* strikethrough@2x.png in Resources */ = {isa = PBXBuildFile; fileRef = 04370E231EC3608C00CC382B /* strikethrough@2x.png */; };
		04370E681EC3608D00CC382B /* subscript.png in Resources */ = {isa = PBXBuildFile; fileRef = 04370E241EC3608C00CC382B /* subscript.png */; };
		04370E691EC3608D00CC382B /* subscript@2x.png in Resources */ = {isa = PBXBuildFile; fileRef = 04370E251EC3608C00CC382B /* subscript@2x.png */; };
		04370E6A1EC3608D00CC382B /* superscript.png in Resources */ = {isa = PBXBuildFile; fileRef = 04370E261EC3608C00CC382B /* superscript.png */; };
		04370E6B1EC3608D00CC382B /* superscript@2x.png in Resources */ = {isa = PBXBuildFile; fileRef = 04370E271EC3608C00CC382B /* superscript@2x.png */; };
		04370E6C1EC3608D00CC382B /* text_color.png in Resources */ = {isa = PBXBuildFile; fileRef = 04370E281EC3608C00CC382B /* text_color.png */; };
		04370E6D1EC3608D00CC382B /* text_color@2x.png in Resources */ = {isa = PBXBuildFile; fileRef = 04370E291EC3608C00CC382B /* text_color@2x.png */; };
		04370E6E1EC3608D00CC382B /* underline.png in Resources */ = {isa = PBXBuildFile; fileRef = 04370E2A1EC3608C00CC382B /* underline.png */; };
		04370E6F1EC3608D00CC382B /* underline@2x.png in Resources */ = {isa = PBXBuildFile; fileRef = 04370E2B1EC3608C00CC382B /* underline@2x.png */; };
		04370E701EC3608D00CC382B /* undo.png in Resources */ = {isa = PBXBuildFile; fileRef = 04370E2C1EC3608C00CC382B /* undo.png */; };
		04370E711EC3608D00CC382B /* undo@2x.png in Resources */ = {isa = PBXBuildFile; fileRef = 04370E2D1EC3608D00CC382B /* undo@2x.png */; };
		04370E721EC3608D00CC382B /* unordered_list.png in Resources */ = {isa = PBXBuildFile; fileRef = 04370E2E1EC3608D00CC382B /* unordered_list.png */; };
		04370E731EC3608D00CC382B /* unordered_list@2x.png in Resources */ = {isa = PBXBuildFile; fileRef = 04370E2F1EC3608D00CC382B /* unordered_list@2x.png */; };
		04370E741EC3608D00CC382B /* CJWWebView+HackishAccessoryHiding.m in Sources */ = {isa = PBXBuildFile; fileRef = 04370E321EC3608D00CC382B /* CJWWebView+HackishAccessoryHiding.m */; };
		04370E751EC3608D00CC382B /* RichEditorOptionItem.swift in Sources */ = {isa = PBXBuildFile; fileRef = 04370E331EC3608D00CC382B /* RichEditorOptionItem.swift */; };
		04370E761EC3608D00CC382B /* RichEditorToolbar.swift in Sources */ = {isa = PBXBuildFile; fileRef = 04370E341EC3608D00CC382B /* RichEditorToolbar.swift */; };
		04370E771EC3608D00CC382B /* RichEditorView.swift in Sources */ = {isa = PBXBuildFile; fileRef = 04370E351EC3608D00CC382B /* RichEditorView.swift */; };
		04370E781EC3608D00CC382B /* String+Extensions.swift in Sources */ = {isa = PBXBuildFile; fileRef = 04370E361EC3608D00CC382B /* String+Extensions.swift */; };
		04370E791EC3608D00CC382B /* UIColor+Extensions.swift in Sources */ = {isa = PBXBuildFile; fileRef = 04370E371EC3608D00CC382B /* UIColor+Extensions.swift */; };
		04370E7A1EC3608D00CC382B /* UIView+Responder.swift in Sources */ = {isa = PBXBuildFile; fileRef = 04370E381EC3608D00CC382B /* UIView+Responder.swift */; };
		04E6CD581EEA480D000F35F8 /* Util.swift in Sources */ = {isa = PBXBuildFile; fileRef = 04E6CD571EEA480D000F35F8 /* Util.swift */; };
		872FFBA87897461ABA2F9C04 /* Pods_RichEditorView.framework in Frameworks */ = {isa = PBXBuildFile; fileRef = 62BC36DB3229891897F1C193 /* Pods_RichEditorView.framework */; };
/* End PBXBuildFile section */

/* Begin PBXFileReference section */
		041D5EA720283CA400259E2F /* Data+Ext.swift */ = {isa = PBXFileReference; fileEncoding = 4; lastKnownFileType = sourcecode.swift; path = "Data+Ext.swift"; sourceTree = "<group>"; };
		042DEA551EEA54A2008F2F46 /* UIImage+Extensions.swift */ = {isa = PBXFileReference; fileEncoding = 4; lastKnownFileType = sourcecode.swift; path = "UIImage+Extensions.swift"; sourceTree = "<group>"; };
		04370DDD1EC35D8B00CC382B /* RichEditorView.app */ = {isa = PBXFileReference; explicitFileType = wrapper.application; includeInIndex = 0; path = RichEditorView.app; sourceTree = BUILT_PRODUCTS_DIR; };
		04370DE01EC35D8B00CC382B /* AppDelegate.swift */ = {isa = PBXFileReference; lastKnownFileType = sourcecode.swift; path = AppDelegate.swift; sourceTree = "<group>"; };
		04370DE21EC35D8B00CC382B /* ViewController.swift */ = {isa = PBXFileReference; lastKnownFileType = sourcecode.swift; path = ViewController.swift; sourceTree = "<group>"; };
		04370DE51EC35D8C00CC382B /* Base */ = {isa = PBXFileReference; lastKnownFileType = file.storyboard; name = Base; path = Base.lproj/Main.storyboard; sourceTree = "<group>"; };
		04370DE71EC35D8C00CC382B /* Assets.xcassets */ = {isa = PBXFileReference; lastKnownFileType = folder.assetcatalog; path = Assets.xcassets; sourceTree = "<group>"; };
		04370DEA1EC35D8C00CC382B /* Base */ = {isa = PBXFileReference; lastKnownFileType = file.storyboard; name = Base; path = Base.lproj/LaunchScreen.storyboard; sourceTree = "<group>"; };
		04370DEC1EC35D8C00CC382B /* Info.plist */ = {isa = PBXFileReference; lastKnownFileType = text.plist.xml; path = Info.plist; sourceTree = "<group>"; };
		04370DF41EC3608C00CC382B /* assert.js */ = {isa = PBXFileReference; fileEncoding = 4; lastKnownFileType = sourcecode.javascript; path = assert.js; sourceTree = "<group>"; };
		04370DF51EC3608C00CC382B /* normalize.css */ = {isa = PBXFileReference; fileEncoding = 4; lastKnownFileType = text.css; path = normalize.css; sourceTree = "<group>"; };
		04370DF61EC3608C00CC382B /* rich_editor.html */ = {isa = PBXFileReference; fileEncoding = 4; lastKnownFileType = text.html; path = rich_editor.html; sourceTree = "<group>"; };
		04370DF71EC3608C00CC382B /* rich_editor.js */ = {isa = PBXFileReference; fileEncoding = 4; lastKnownFileType = sourcecode.javascript; path = rich_editor.js; sourceTree = "<group>"; };
		04370DF81EC3608C00CC382B /* rich_editor_tests.html */ = {isa = PBXFileReference; fileEncoding = 4; lastKnownFileType = text.html; path = rich_editor_tests.html; sourceTree = "<group>"; };
		04370DF91EC3608C00CC382B /* rich_editor_tests.js */ = {isa = PBXFileReference; fileEncoding = 4; lastKnownFileType = sourcecode.javascript; path = rich_editor_tests.js; sourceTree = "<group>"; };
		04370DFA1EC3608C00CC382B /* style.css */ = {isa = PBXFileReference; fileEncoding = 4; lastKnownFileType = text.css; path = style.css; sourceTree = "<group>"; };
		04370DFC1EC3608C00CC382B /* bg_color.png */ = {isa = PBXFileReference; lastKnownFileType = image.png; path = bg_color.png; sourceTree = "<group>"; };
		04370DFD1EC3608C00CC382B /* bg_color@2x.png */ = {isa = PBXFileReference; lastKnownFileType = image.png; path = "bg_color@2x.png"; sourceTree = "<group>"; };
		04370DFE1EC3608C00CC382B /* bold.png */ = {isa = PBXFileReference; lastKnownFileType = image.png; path = bold.png; sourceTree = "<group>"; };
		04370DFF1EC3608C00CC382B /* bold@2x.png */ = {isa = PBXFileReference; lastKnownFileType = image.png; path = "bold@2x.png"; sourceTree = "<group>"; };
		04370E001EC3608C00CC382B /* clear.png */ = {isa = PBXFileReference; lastKnownFileType = image.png; path = clear.png; sourceTree = "<group>"; };
		04370E011EC3608C00CC382B /* clear@2x.png */ = {isa = PBXFileReference; lastKnownFileType = image.png; path = "clear@2x.png"; sourceTree = "<group>"; };
		04370E021EC3608C00CC382B /* h1.png */ = {isa = PBXFileReference; lastKnownFileType = image.png; path = h1.png; sourceTree = "<group>"; };
		04370E031EC3608C00CC382B /* h1@2x.png */ = {isa = PBXFileReference; lastKnownFileType = image.png; path = "h1@2x.png"; sourceTree = "<group>"; };
		04370E041EC3608C00CC382B /* h2.png */ = {isa = PBXFileReference; lastKnownFileType = image.png; path = h2.png; sourceTree = "<group>"; };
		04370E051EC3608C00CC382B /* h2@2x.png */ = {isa = PBXFileReference; lastKnownFileType = image.png; path = "h2@2x.png"; sourceTree = "<group>"; };
		04370E061EC3608C00CC382B /* h3.png */ = {isa = PBXFileReference; lastKnownFileType = image.png; path = h3.png; sourceTree = "<group>"; };
		04370E071EC3608C00CC382B /* h3@2x.png */ = {isa = PBXFileReference; lastKnownFileType = image.png; path = "h3@2x.png"; sourceTree = "<group>"; };
		04370E081EC3608C00CC382B /* h4.png */ = {isa = PBXFileReference; lastKnownFileType = image.png; path = h4.png; sourceTree = "<group>"; };
		04370E091EC3608C00CC382B /* h4@2x.png */ = {isa = PBXFileReference; lastKnownFileType = image.png; path = "h4@2x.png"; sourceTree = "<group>"; };
		04370E0A1EC3608C00CC382B /* h5.png */ = {isa = PBXFileReference; lastKnownFileType = image.png; path = h5.png; sourceTree = "<group>"; };
		04370E0B1EC3608C00CC382B /* h5@2x.png */ = {isa = PBXFileReference; lastKnownFileType = image.png; path = "h5@2x.png"; sourceTree = "<group>"; };
		04370E0C1EC3608C00CC382B /* h6.png */ = {isa = PBXFileReference; lastKnownFileType = image.png; path = h6.png; sourceTree = "<group>"; };
		04370E0D1EC3608C00CC382B /* h6@2x.png */ = {isa = PBXFileReference; lastKnownFileType = image.png; path = "h6@2x.png"; sourceTree = "<group>"; };
		04370E0E1EC3608C00CC382B /* indent.png */ = {isa = PBXFileReference; lastKnownFileType = image.png; path = indent.png; sourceTree = "<group>"; };
		04370E0F1EC3608C00CC382B /* indent@2x.png */ = {isa = PBXFileReference; lastKnownFileType = image.png; path = "indent@2x.png"; sourceTree = "<group>"; };
		04370E101EC3608C00CC382B /* insert_image.png */ = {isa = PBXFileReference; lastKnownFileType = image.png; path = insert_image.png; sourceTree = "<group>"; };
		04370E111EC3608C00CC382B /* insert_image@2x.png */ = {isa = PBXFileReference; lastKnownFileType = image.png; path = "insert_image@2x.png"; sourceTree = "<group>"; };
		04370E121EC3608C00CC382B /* insert_link.png */ = {isa = PBXFileReference; lastKnownFileType = image.png; path = insert_link.png; sourceTree = "<group>"; };
		04370E131EC3608C00CC382B /* insert_link@2x.png */ = {isa = PBXFileReference; lastKnownFileType = image.png; path = "insert_link@2x.png"; sourceTree = "<group>"; };
		04370E141EC3608C00CC382B /* italic.png */ = {isa = PBXFileReference; lastKnownFileType = image.png; path = italic.png; sourceTree = "<group>"; };
		04370E151EC3608C00CC382B /* italic@2x.png */ = {isa = PBXFileReference; lastKnownFileType = image.png; path = "italic@2x.png"; sourceTree = "<group>"; };
		04370E161EC3608C00CC382B /* justify_center.png */ = {isa = PBXFileReference; lastKnownFileType = image.png; path = justify_center.png; sourceTree = "<group>"; };
		04370E171EC3608C00CC382B /* justify_center@2x.png */ = {isa = PBXFileReference; lastKnownFileType = image.png; path = "justify_center@2x.png"; sourceTree = "<group>"; };
		04370E181EC3608C00CC382B /* justify_left.png */ = {isa = PBXFileReference; lastKnownFileType = image.png; path = justify_left.png; sourceTree = "<group>"; };
		04370E191EC3608C00CC382B /* justify_left@2x.png */ = {isa = PBXFileReference; lastKnownFileType = image.png; path = "justify_left@2x.png"; sourceTree = "<group>"; };
		04370E1A1EC3608C00CC382B /* justify_right.png */ = {isa = PBXFileReference; lastKnownFileType = image.png; path = justify_right.png; sourceTree = "<group>"; };
		04370E1B1EC3608C00CC382B /* justify_right@2x.png */ = {isa = PBXFileReference; lastKnownFileType = image.png; path = "justify_right@2x.png"; sourceTree = "<group>"; };
		04370E1C1EC3608C00CC382B /* ordered_list.png */ = {isa = PBXFileReference; lastKnownFileType = image.png; path = ordered_list.png; sourceTree = "<group>"; };
		04370E1D1EC3608C00CC382B /* ordered_list@2x.png */ = {isa = PBXFileReference; lastKnownFileType = image.png; path = "ordered_list@2x.png"; sourceTree = "<group>"; };
		04370E1E1EC3608C00CC382B /* outdent.png */ = {isa = PBXFileReference; lastKnownFileType = image.png; path = outdent.png; sourceTree = "<group>"; };
		04370E1F1EC3608C00CC382B /* outdent@2x.png */ = {isa = PBXFileReference; lastKnownFileType = image.png; path = "outdent@2x.png"; sourceTree = "<group>"; };
		04370E201EC3608C00CC382B /* redo.png */ = {isa = PBXFileReference; lastKnownFileType = image.png; path = redo.png; sourceTree = "<group>"; };
		04370E211EC3608C00CC382B /* redo@2x.png */ = {isa = PBXFileReference; lastKnownFileType = image.png; path = "redo@2x.png"; sourceTree = "<group>"; };
		04370E221EC3608C00CC382B /* strikethrough.png */ = {isa = PBXFileReference; lastKnownFileType = image.png; path = strikethrough.png; sourceTree = "<group>"; };
		04370E231EC3608C00CC382B /* strikethrough@2x.png */ = {isa = PBXFileReference; lastKnownFileType = image.png; path = "strikethrough@2x.png"; sourceTree = "<group>"; };
		04370E241EC3608C00CC382B /* subscript.png */ = {isa = PBXFileReference; lastKnownFileType = image.png; path = subscript.png; sourceTree = "<group>"; };
		04370E251EC3608C00CC382B /* subscript@2x.png */ = {isa = PBXFileReference; lastKnownFileType = image.png; path = "subscript@2x.png"; sourceTree = "<group>"; };
		04370E261EC3608C00CC382B /* superscript.png */ = {isa = PBXFileReference; lastKnownFileType = image.png; path = superscript.png; sourceTree = "<group>"; };
		04370E271EC3608C00CC382B /* superscript@2x.png */ = {isa = PBXFileReference; lastKnownFileType = image.png; path = "superscript@2x.png"; sourceTree = "<group>"; };
		04370E281EC3608C00CC382B /* text_color.png */ = {isa = PBXFileReference; lastKnownFileType = image.png; path = text_color.png; sourceTree = "<group>"; };
		04370E291EC3608C00CC382B /* text_color@2x.png */ = {isa = PBXFileReference; lastKnownFileType = image.png; path = "text_color@2x.png"; sourceTree = "<group>"; };
		04370E2A1EC3608C00CC382B /* underline.png */ = {isa = PBXFileReference; lastKnownFileType = image.png; path = underline.png; sourceTree = "<group>"; };
		04370E2B1EC3608C00CC382B /* underline@2x.png */ = {isa = PBXFileReference; lastKnownFileType = image.png; path = "underline@2x.png"; sourceTree = "<group>"; };
		04370E2C1EC3608C00CC382B /* undo.png */ = {isa = PBXFileReference; lastKnownFileType = image.png; path = undo.png; sourceTree = "<group>"; };
		04370E2D1EC3608D00CC382B /* undo@2x.png */ = {isa = PBXFileReference; lastKnownFileType = image.png; path = "undo@2x.png"; sourceTree = "<group>"; };
		04370E2E1EC3608D00CC382B /* unordered_list.png */ = {isa = PBXFileReference; lastKnownFileType = image.png; path = unordered_list.png; sourceTree = "<group>"; };
		04370E2F1EC3608D00CC382B /* unordered_list@2x.png */ = {isa = PBXFileReference; lastKnownFileType = image.png; path = "unordered_list@2x.png"; sourceTree = "<group>"; };
		04370E311EC3608D00CC382B /* CJWWebView+HackishAccessoryHiding.h */ = {isa = PBXFileReference; fileEncoding = 4; lastKnownFileType = sourcecode.c.h; path = "CJWWebView+HackishAccessoryHiding.h"; sourceTree = "<group>"; };
		04370E321EC3608D00CC382B /* CJWWebView+HackishAccessoryHiding.m */ = {isa = PBXFileReference; fileEncoding = 4; lastKnownFileType = sourcecode.c.objc; path = "CJWWebView+HackishAccessoryHiding.m"; sourceTree = "<group>"; };
		04370E331EC3608D00CC382B /* RichEditorOptionItem.swift */ = {isa = PBXFileReference; fileEncoding = 4; lastKnownFileType = sourcecode.swift; path = RichEditorOptionItem.swift; sourceTree = "<group>"; };
		04370E341EC3608D00CC382B /* RichEditorToolbar.swift */ = {isa = PBXFileReference; fileEncoding = 4; lastKnownFileType = sourcecode.swift; path = RichEditorToolbar.swift; sourceTree = "<group>"; };
		04370E351EC3608D00CC382B /* RichEditorView.swift */ = {isa = PBXFileReference; fileEncoding = 4; lastKnownFileType = sourcecode.swift; path = RichEditorView.swift; sourceTree = "<group>"; };
		04370E361EC3608D00CC382B /* String+Extensions.swift */ = {isa = PBXFileReference; fileEncoding = 4; lastKnownFileType = sourcecode.swift; path = "String+Extensions.swift"; sourceTree = "<group>"; };
		04370E371EC3608D00CC382B /* UIColor+Extensions.swift */ = {isa = PBXFileReference; fileEncoding = 4; lastKnownFileType = sourcecode.swift; path = "UIColor+Extensions.swift"; sourceTree = "<group>"; };
		04370E381EC3608D00CC382B /* UIView+Responder.swift */ = {isa = PBXFileReference; fileEncoding = 4; lastKnownFileType = sourcecode.swift; path = "UIView+Responder.swift"; sourceTree = "<group>"; };
		04370E7B1EC3616000CC382B /* Bridging-Header.h */ = {isa = PBXFileReference; fileEncoding = 4; lastKnownFileType = sourcecode.c.h; path = "Bridging-Header.h"; sourceTree = "<group>"; };
		04E6CD571EEA480D000F35F8 /* Util.swift */ = {isa = PBXFileReference; fileEncoding = 4; lastKnownFileType = sourcecode.swift; path = Util.swift; sourceTree = "<group>"; };
		04ECE67F1EEA78020029A512 /* Photos.framework */ = {isa = PBXFileReference; lastKnownFileType = wrapper.framework; name = Photos.framework; path = System/Library/Frameworks/Photos.framework; sourceTree = SDKROOT; };
		62BC36DB3229891897F1C193 /* Pods_RichEditorView.framework */ = {isa = PBXFileReference; explicitFileType = wrapper.framework; includeInIndex = 0; path = Pods_RichEditorView.framework; sourceTree = BUILT_PRODUCTS_DIR; };
		F1A4F1201F9CE45845B725E5 /* Pods-RichEditorView.release.xcconfig */ = {isa = PBXFileReference; includeInIndex = 1; lastKnownFileType = text.xcconfig; name = "Pods-RichEditorView.release.xcconfig"; path = "Pods/Target Support Files/Pods-RichEditorView/Pods-RichEditorView.release.xcconfig"; sourceTree = "<group>"; };
		F1B9FE70E5575DCC96C01BBE /* Pods-RichEditorView.debug.xcconfig */ = {isa = PBXFileReference; includeInIndex = 1; lastKnownFileType = text.xcconfig; name = "Pods-RichEditorView.debug.xcconfig"; path = "Pods/Target Support Files/Pods-RichEditorView/Pods-RichEditorView.debug.xcconfig"; sourceTree = "<group>"; };
/* End PBXFileReference section */

/* Begin PBXFrameworksBuildPhase section */
		04370DDA1EC35D8B00CC382B /* Frameworks */ = {
			isa = PBXFrameworksBuildPhase;
			buildActionMask = 2147483647;
			files = (
				872FFBA87897461ABA2F9C04 /* Pods_RichEditorView.framework in Frameworks */,
			);
			runOnlyForDeploymentPostprocessing = 0;
		};
/* End PBXFrameworksBuildPhase section */

/* Begin PBXGroup section */
		04370DD41EC35D8B00CC382B = {
			isa = PBXGroup;
			children = (
				04370DF21EC3608C00CC382B /* Resources */,
				04370E301EC3608D00CC382B /* Sources */,
				04370DDF1EC35D8B00CC382B /* RichEditorView */,
				04370DDE1EC35D8B00CC382B /* Products */,
				04ECE67E1EEA78020029A512 /* Frameworks */,
				F2EA59BB849B8E09CBC4695B /* Pods */,
			);
			sourceTree = "<group>";
		};
		04370DDE1EC35D8B00CC382B /* Products */ = {
			isa = PBXGroup;
			children = (
				04370DDD1EC35D8B00CC382B /* RichEditorView.app */,
			);
			name = Products;
			sourceTree = "<group>";
		};
		04370DDF1EC35D8B00CC382B /* RichEditorView */ = {
			isa = PBXGroup;
			children = (
				04370E7B1EC3616000CC382B /* Bridging-Header.h */,
				04370DE01EC35D8B00CC382B /* AppDelegate.swift */,
				04370DE21EC35D8B00CC382B /* ViewController.swift */,
				04370DE41EC35D8C00CC382B /* Main.storyboard */,
				04370DE71EC35D8C00CC382B /* Assets.xcassets */,
				04370DE91EC35D8C00CC382B /* LaunchScreen.storyboard */,
				04370DEC1EC35D8C00CC382B /* Info.plist */,
			);
			path = RichEditorView;
			sourceTree = "<group>";
		};
		04370DF21EC3608C00CC382B /* Resources */ = {
			isa = PBXGroup;
			children = (
				04370DF31EC3608C00CC382B /* editor */,
				04370DFB1EC3608C00CC382B /* icons */,
			);
			path = Resources;
			sourceTree = "<group>";
		};
		04370DF31EC3608C00CC382B /* editor */ = {
			isa = PBXGroup;
			children = (
				04370DF41EC3608C00CC382B /* assert.js */,
				04370DF51EC3608C00CC382B /* normalize.css */,
				04370DF61EC3608C00CC382B /* rich_editor.html */,
				04370DF71EC3608C00CC382B /* rich_editor.js */,
				04370DF81EC3608C00CC382B /* rich_editor_tests.html */,
				04370DF91EC3608C00CC382B /* rich_editor_tests.js */,
				04370DFA1EC3608C00CC382B /* style.css */,
			);
			path = editor;
			sourceTree = "<group>";
		};
		04370DFB1EC3608C00CC382B /* icons */ = {
			isa = PBXGroup;
			children = (
				04370DFC1EC3608C00CC382B /* bg_color.png */,
				04370DFD1EC3608C00CC382B /* bg_color@2x.png */,
				04370DFE1EC3608C00CC382B /* bold.png */,
				04370DFF1EC3608C00CC382B /* bold@2x.png */,
				04370E001EC3608C00CC382B /* clear.png */,
				04370E011EC3608C00CC382B /* clear@2x.png */,
				04370E021EC3608C00CC382B /* h1.png */,
				04370E031EC3608C00CC382B /* h1@2x.png */,
				04370E041EC3608C00CC382B /* h2.png */,
				04370E051EC3608C00CC382B /* h2@2x.png */,
				04370E061EC3608C00CC382B /* h3.png */,
				04370E071EC3608C00CC382B /* h3@2x.png */,
				04370E081EC3608C00CC382B /* h4.png */,
				04370E091EC3608C00CC382B /* h4@2x.png */,
				04370E0A1EC3608C00CC382B /* h5.png */,
				04370E0B1EC3608C00CC382B /* h5@2x.png */,
				04370E0C1EC3608C00CC382B /* h6.png */,
				04370E0D1EC3608C00CC382B /* h6@2x.png */,
				04370E0E1EC3608C00CC382B /* indent.png */,
				04370E0F1EC3608C00CC382B /* indent@2x.png */,
				04370E101EC3608C00CC382B /* insert_image.png */,
				04370E111EC3608C00CC382B /* insert_image@2x.png */,
				04370E121EC3608C00CC382B /* insert_link.png */,
				04370E131EC3608C00CC382B /* insert_link@2x.png */,
				04370E141EC3608C00CC382B /* italic.png */,
				04370E151EC3608C00CC382B /* italic@2x.png */,
				04370E161EC3608C00CC382B /* justify_center.png */,
				04370E171EC3608C00CC382B /* justify_center@2x.png */,
				04370E181EC3608C00CC382B /* justify_left.png */,
				04370E191EC3608C00CC382B /* justify_left@2x.png */,
				04370E1A1EC3608C00CC382B /* justify_right.png */,
				04370E1B1EC3608C00CC382B /* justify_right@2x.png */,
				04370E1C1EC3608C00CC382B /* ordered_list.png */,
				04370E1D1EC3608C00CC382B /* ordered_list@2x.png */,
				04370E1E1EC3608C00CC382B /* outdent.png */,
				04370E1F1EC3608C00CC382B /* outdent@2x.png */,
				04370E201EC3608C00CC382B /* redo.png */,
				04370E211EC3608C00CC382B /* redo@2x.png */,
				04370E221EC3608C00CC382B /* strikethrough.png */,
				04370E231EC3608C00CC382B /* strikethrough@2x.png */,
				04370E241EC3608C00CC382B /* subscript.png */,
				04370E251EC3608C00CC382B /* subscript@2x.png */,
				04370E261EC3608C00CC382B /* superscript.png */,
				04370E271EC3608C00CC382B /* superscript@2x.png */,
				04370E281EC3608C00CC382B /* text_color.png */,
				04370E291EC3608C00CC382B /* text_color@2x.png */,
				04370E2A1EC3608C00CC382B /* underline.png */,
				04370E2B1EC3608C00CC382B /* underline@2x.png */,
				04370E2C1EC3608C00CC382B /* undo.png */,
				04370E2D1EC3608D00CC382B /* undo@2x.png */,
				04370E2E1EC3608D00CC382B /* unordered_list.png */,
				04370E2F1EC3608D00CC382B /* unordered_list@2x.png */,
			);
			path = icons;
			sourceTree = "<group>";
		};
		04370E301EC3608D00CC382B /* Sources */ = {
			isa = PBXGroup;
			children = (
				04370E311EC3608D00CC382B /* CJWWebView+HackishAccessoryHiding.h */,
				04370E321EC3608D00CC382B /* CJWWebView+HackishAccessoryHiding.m */,
				04370E331EC3608D00CC382B /* RichEditorOptionItem.swift */,
				04370E341EC3608D00CC382B /* RichEditorToolbar.swift */,
				04370E351EC3608D00CC382B /* RichEditorView.swift */,
				04370E361EC3608D00CC382B /* String+Extensions.swift */,
				04370E371EC3608D00CC382B /* UIColor+Extensions.swift */,
				04370E381EC3608D00CC382B /* UIView+Responder.swift */,
				042DEA551EEA54A2008F2F46 /* UIImage+Extensions.swift */,
				04E6CD571EEA480D000F35F8 /* Util.swift */,
				041D5EA720283CA400259E2F /* Data+Ext.swift */,
			);
			path = Sources;
			sourceTree = "<group>";
		};
		04ECE67E1EEA78020029A512 /* Frameworks */ = {
			isa = PBXGroup;
			children = (
				04ECE67F1EEA78020029A512 /* Photos.framework */,
				62BC36DB3229891897F1C193 /* Pods_RichEditorView.framework */,
			);
			name = Frameworks;
			sourceTree = "<group>";
		};
		F2EA59BB849B8E09CBC4695B /* Pods */ = {
			isa = PBXGroup;
			children = (
				F1B9FE70E5575DCC96C01BBE /* Pods-RichEditorView.debug.xcconfig */,
				F1A4F1201F9CE45845B725E5 /* Pods-RichEditorView.release.xcconfig */,
			);
			name = Pods;
			sourceTree = "<group>";
		};
/* End PBXGroup section */

/* Begin PBXNativeTarget section */
		04370DDC1EC35D8B00CC382B /* RichEditorView */ = {
			isa = PBXNativeTarget;
			buildConfigurationList = 04370DEF1EC35D8C00CC382B /* Build configuration list for PBXNativeTarget "RichEditorView" */;
			buildPhases = (
				BA174B4DA3042E02EEA63923 /* [CP] Check Pods Manifest.lock */,
				04370DD91EC35D8B00CC382B /* Sources */,
				04370DDA1EC35D8B00CC382B /* Frameworks */,
				04370DDB1EC35D8B00CC382B /* Resources */,
				9C2C42E0E7040E56BC1CE306 /* [CP] Embed Pods Frameworks */,
				158758E4EA80E858A76A3669 /* [CP] Copy Pods Resources */,
			);
			buildRules = (
			);
			dependencies = (
			);
			name = RichEditorView;
			productName = RichEditorView;
			productReference = 04370DDD1EC35D8B00CC382B /* RichEditorView.app */;
			productType = "com.apple.product-type.application";
		};
/* End PBXNativeTarget section */

/* Begin PBXProject section */
		04370DD51EC35D8B00CC382B /* Project object */ = {
			isa = PBXProject;
			attributes = {
				LastSwiftUpdateCheck = 0830;
				LastUpgradeCheck = 0830;
				ORGANIZATIONNAME = cgc;
				TargetAttributes = {
					04370DDC1EC35D8B00CC382B = {
						CreatedOnToolsVersion = 8.3.2;
						DevelopmentTeam = J84TKTR38K;
						ProvisioningStyle = Automatic;
					};
				};
			};
			buildConfigurationList = 04370DD81EC35D8B00CC382B /* Build configuration list for PBXProject "RichEditorView" */;
			compatibilityVersion = "Xcode 3.2";
			developmentRegion = English;
			hasScannedForEncodings = 0;
			knownRegions = (
				en,
				Base,
			);
			mainGroup = 04370DD41EC35D8B00CC382B;
			productRefGroup = 04370DDE1EC35D8B00CC382B /* Products */;
			projectDirPath = "";
			projectRoot = "";
			targets = (
				04370DDC1EC35D8B00CC382B /* RichEditorView */,
			);
		};
/* End PBXProject section */

/* Begin PBXResourcesBuildPhase section */
		04370DDB1EC35D8B00CC382B /* Resources */ = {
			isa = PBXResourcesBuildPhase;
			buildActionMask = 2147483647;
			files = (
				04370E6A1EC3608D00CC382B /* superscript.png in Resources */,
				04370E4E1EC3608D00CC382B /* h5.png in Resources */,
				04370E711EC3608D00CC382B /* undo@2x.png in Resources */,
				04370E731EC3608D00CC382B /* unordered_list@2x.png in Resources */,
				04370E4C1EC3608D00CC382B /* h4.png in Resources */,
				04370E651EC3608D00CC382B /* redo@2x.png in Resources */,
				04370E631EC3608D00CC382B /* outdent@2x.png in Resources */,
				04370E581EC3608D00CC382B /* italic.png in Resources */,
				04370E4A1EC3608D00CC382B /* h3.png in Resources */,
				04370E541EC3608D00CC382B /* insert_image.png in Resources */,
				04370E451EC3608D00CC382B /* clear@2x.png in Resources */,
				04370E6F1EC3608D00CC382B /* underline@2x.png in Resources */,
				04370E6C1EC3608D00CC382B /* text_color.png in Resources */,
				04370DEB1EC35D8C00CC382B /* LaunchScreen.storyboard in Resources */,
				04370E4F1EC3608D00CC382B /* h5@2x.png in Resources */,
				04370E611EC3608D00CC382B /* ordered_list@2x.png in Resources */,
				04370E5F1EC3608D00CC382B /* justify_right@2x.png in Resources */,
				04370E691EC3608D00CC382B /* subscript@2x.png in Resources */,
				04370E551EC3608D00CC382B /* insert_image@2x.png in Resources */,
				04370E3A1EC3608D00CC382B /* normalize.css in Resources */,
				04370E6D1EC3608D00CC382B /* text_color@2x.png in Resources */,
				04370DE81EC35D8C00CC382B /* Assets.xcassets in Resources */,
				04370E391EC3608D00CC382B /* assert.js in Resources */,
				04370DE61EC35D8C00CC382B /* Main.storyboard in Resources */,
				04370E531EC3608D00CC382B /* indent@2x.png in Resources */,
				04370E3B1EC3608D00CC382B /* rich_editor.html in Resources */,
				04370E3C1EC3608D00CC382B /* rich_editor.js in Resources */,
				04370E5D1EC3608D00CC382B /* justify_left@2x.png in Resources */,
				04370E501EC3608D00CC382B /* h6.png in Resources */,
				04370E481EC3608D00CC382B /* h2.png in Resources */,
				04370E721EC3608D00CC382B /* unordered_list.png in Resources */,
				04370E6E1EC3608D00CC382B /* underline.png in Resources */,
				04370E431EC3608D00CC382B /* bold@2x.png in Resources */,
				04370E5E1EC3608D00CC382B /* justify_right.png in Resources */,
				04370E411EC3608D00CC382B /* bg_color@2x.png in Resources */,
				04370E701EC3608D00CC382B /* undo.png in Resources */,
				04370E3F1EC3608D00CC382B /* style.css in Resources */,
				04370E3E1EC3608D00CC382B /* rich_editor_tests.js in Resources */,
				04370E3D1EC3608D00CC382B /* rich_editor_tests.html in Resources */,
				04370E441EC3608D00CC382B /* clear.png in Resources */,
				04370E591EC3608D00CC382B /* italic@2x.png in Resources */,
				04370E571EC3608D00CC382B /* insert_link@2x.png in Resources */,
				04370E511EC3608D00CC382B /* h6@2x.png in Resources */,
				04370E561EC3608D00CC382B /* insert_link.png in Resources */,
				04370E461EC3608D00CC382B /* h1.png in Resources */,
				04370E661EC3608D00CC382B /* strikethrough.png in Resources */,
				04370E681EC3608D00CC382B /* subscript.png in Resources */,
				04370E4D1EC3608D00CC382B /* h4@2x.png in Resources */,
				04370E5B1EC3608D00CC382B /* justify_center@2x.png in Resources */,
				04370E6B1EC3608D00CC382B /* superscript@2x.png in Resources */,
				04370E671EC3608D00CC382B /* strikethrough@2x.png in Resources */,
				04370E601EC3608D00CC382B /* ordered_list.png in Resources */,
				04370E491EC3608D00CC382B /* h2@2x.png in Resources */,
				04370E5C1EC3608D00CC382B /* justify_left.png in Resources */,
				04370E641EC3608D00CC382B /* redo.png in Resources */,
				04370E471EC3608D00CC382B /* h1@2x.png in Resources */,
				04370E421EC3608D00CC382B /* bold.png in Resources */,
				04370E621EC3608D00CC382B /* outdent.png in Resources */,
				04370E401EC3608D00CC382B /* bg_color.png in Resources */,
				04370E5A1EC3608D00CC382B /* justify_center.png in Resources */,
				04370E4B1EC3608D00CC382B /* h3@2x.png in Resources */,
				04370E521EC3608D00CC382B /* indent.png in Resources */,
			);
			runOnlyForDeploymentPostprocessing = 0;
		};
/* End PBXResourcesBuildPhase section */

/* Begin PBXShellScriptBuildPhase section */
		158758E4EA80E858A76A3669 /* [CP] Copy Pods Resources */ = {
			isa = PBXShellScriptBuildPhase;
			buildActionMask = 2147483647;
			files = (
			);
			inputPaths = (
			);
			name = "[CP] Copy Pods Resources";
			outputPaths = (
			);
			runOnlyForDeploymentPostprocessing = 0;
			shellPath = /bin/sh;
			shellScript = "\"${SRCROOT}/Pods/Target Support Files/Pods-RichEditorView/Pods-RichEditorView-resources.sh\"\n";
			showEnvVarsInLog = 0;
		};
		9C2C42E0E7040E56BC1CE306 /* [CP] Embed Pods Frameworks */ = {
			isa = PBXShellScriptBuildPhase;
			buildActionMask = 2147483647;
			files = (
			);
			inputPaths = (
			);
			name = "[CP] Embed Pods Frameworks";
			outputPaths = (
			);
			runOnlyForDeploymentPostprocessing = 0;
			shellPath = /bin/sh;
			shellScript = "\"${SRCROOT}/Pods/Target Support Files/Pods-RichEditorView/Pods-RichEditorView-frameworks.sh\"\n";
			showEnvVarsInLog = 0;
		};
		BA174B4DA3042E02EEA63923 /* [CP] Check Pods Manifest.lock */ = {
			isa = PBXShellScriptBuildPhase;
			buildActionMask = 2147483647;
			files = (
			);
			inputPaths = (
			);
			name = "[CP] Check Pods Manifest.lock";
			outputPaths = (
			);
			runOnlyForDeploymentPostprocessing = 0;
			shellPath = /bin/sh;
			shellScript = "diff \"${PODS_PODFILE_DIR_PATH}/Podfile.lock\" \"${PODS_ROOT}/Manifest.lock\" > /dev/null\nif [ $? != 0 ] ; then\n    # print error to STDERR\n    echo \"error: The sandbox is not in sync with the Podfile.lock. Run 'pod install' or update your CocoaPods installation.\" >&2\n    exit 1\nfi\n";
			showEnvVarsInLog = 0;
		};
/* End PBXShellScriptBuildPhase section */

/* Begin PBXSourcesBuildPhase section */
		04370DD91EC35D8B00CC382B /* Sources */ = {
			isa = PBXSourcesBuildPhase;
			buildActionMask = 2147483647;
			files = (
				04370E741EC3608D00CC382B /* CJWWebView+HackishAccessoryHiding.m in Sources */,
				04370E781EC3608D00CC382B /* String+Extensions.swift in Sources */,
				04370E771EC3608D00CC382B /* RichEditorView.swift in Sources */,
				041D5EA820283CA400259E2F /* Data+Ext.swift in Sources */,
				04370E7A1EC3608D00CC382B /* UIView+Responder.swift in Sources */,
				042DEA561EEA54A2008F2F46 /* UIImage+Extensions.swift in Sources */,
				04370E791EC3608D00CC382B /* UIColor+Extensions.swift in Sources */,
				04370E761EC3608D00CC382B /* RichEditorToolbar.swift in Sources */,
				04370DE31EC35D8B00CC382B /* ViewController.swift in Sources */,
				04E6CD581EEA480D000F35F8 /* Util.swift in Sources */,
				04370E751EC3608D00CC382B /* RichEditorOptionItem.swift in Sources */,
				04370DE11EC35D8B00CC382B /* AppDelegate.swift in Sources */,
			);
			runOnlyForDeploymentPostprocessing = 0;
		};
/* End PBXSourcesBuildPhase section */

/* Begin PBXVariantGroup section */
		04370DE41EC35D8C00CC382B /* Main.storyboard */ = {
			isa = PBXVariantGroup;
			children = (
				04370DE51EC35D8C00CC382B /* Base */,
			);
			name = Main.storyboard;
			sourceTree = "<group>";
		};
		04370DE91EC35D8C00CC382B /* LaunchScreen.storyboard */ = {
			isa = PBXVariantGroup;
			children = (
				04370DEA1EC35D8C00CC382B /* Base */,
			);
			name = LaunchScreen.storyboard;
			sourceTree = "<group>";
		};
/* End PBXVariantGroup section */

/* Begin XCBuildConfiguration section */
		04370DED1EC35D8C00CC382B /* Debug */ = {
			isa = XCBuildConfiguration;
			buildSettings = {
				ALWAYS_SEARCH_USER_PATHS = NO;
				CLANG_ANALYZER_NONNULL = YES;
				CLANG_ANALYZER_NUMBER_OBJECT_CONVERSION = YES_AGGRESSIVE;
				CLANG_CXX_LANGUAGE_STANDARD = "gnu++0x";
				CLANG_CXX_LIBRARY = "libc++";
				CLANG_ENABLE_MODULES = YES;
				CLANG_ENABLE_OBJC_ARC = YES;
				CLANG_WARN_BOOL_CONVERSION = YES;
				CLANG_WARN_CONSTANT_CONVERSION = YES;
				CLANG_WARN_DIRECT_OBJC_ISA_USAGE = YES_ERROR;
				CLANG_WARN_DOCUMENTATION_COMMENTS = YES;
				CLANG_WARN_EMPTY_BODY = YES;
				CLANG_WARN_ENUM_CONVERSION = YES;
				CLANG_WARN_INFINITE_RECURSION = YES;
				CLANG_WARN_INT_CONVERSION = YES;
				CLANG_WARN_OBJC_ROOT_CLASS = YES_ERROR;
				CLANG_WARN_SUSPICIOUS_MOVE = YES;
				CLANG_WARN_UNREACHABLE_CODE = YES;
				CLANG_WARN__DUPLICATE_METHOD_MATCH = YES;
				"CODE_SIGN_IDENTITY[sdk=iphoneos*]" = "iPhone Developer";
				COPY_PHASE_STRIP = NO;
				DEBUG_INFORMATION_FORMAT = dwarf;
				ENABLE_STRICT_OBJC_MSGSEND = YES;
				ENABLE_TESTABILITY = YES;
				GCC_C_LANGUAGE_STANDARD = gnu99;
				GCC_DYNAMIC_NO_PIC = NO;
				GCC_NO_COMMON_BLOCKS = YES;
				GCC_OPTIMIZATION_LEVEL = 0;
				GCC_PREPROCESSOR_DEFINITIONS = (
					"DEBUG=1",
					"$(inherited)",
				);
				GCC_WARN_64_TO_32_BIT_CONVERSION = YES;
				GCC_WARN_ABOUT_RETURN_TYPE = YES_ERROR;
				GCC_WARN_UNDECLARED_SELECTOR = YES;
				GCC_WARN_UNINITIALIZED_AUTOS = YES_AGGRESSIVE;
				GCC_WARN_UNUSED_FUNCTION = YES;
				GCC_WARN_UNUSED_VARIABLE = YES;
				IPHONEOS_DEPLOYMENT_TARGET = 10.3;
				MTL_ENABLE_DEBUG_INFO = YES;
				ONLY_ACTIVE_ARCH = YES;
				SDKROOT = iphoneos;
				SWIFT_ACTIVE_COMPILATION_CONDITIONS = DEBUG;
				SWIFT_OPTIMIZATION_LEVEL = "-Onone";
				TARGETED_DEVICE_FAMILY = "1,2";
			};
			name = Debug;
		};
		04370DEE1EC35D8C00CC382B /* Release */ = {
			isa = XCBuildConfiguration;
			buildSettings = {
				ALWAYS_SEARCH_USER_PATHS = NO;
				CLANG_ANALYZER_NONNULL = YES;
				CLANG_ANALYZER_NUMBER_OBJECT_CONVERSION = YES_AGGRESSIVE;
				CLANG_CXX_LANGUAGE_STANDARD = "gnu++0x";
				CLANG_CXX_LIBRARY = "libc++";
				CLANG_ENABLE_MODULES = YES;
				CLANG_ENABLE_OBJC_ARC = YES;
				CLANG_WARN_BOOL_CONVERSION = YES;
				CLANG_WARN_CONSTANT_CONVERSION = YES;
				CLANG_WARN_DIRECT_OBJC_ISA_USAGE = YES_ERROR;
				CLANG_WARN_DOCUMENTATION_COMMENTS = YES;
				CLANG_WARN_EMPTY_BODY = YES;
				CLANG_WARN_ENUM_CONVERSION = YES;
				CLANG_WARN_INFINITE_RECURSION = YES;
				CLANG_WARN_INT_CONVERSION = YES;
				CLANG_WARN_OBJC_ROOT_CLASS = YES_ERROR;
				CLANG_WARN_SUSPICIOUS_MOVE = YES;
				CLANG_WARN_UNREACHABLE_CODE = YES;
				CLANG_WARN__DUPLICATE_METHOD_MATCH = YES;
				"CODE_SIGN_IDENTITY[sdk=iphoneos*]" = "iPhone Developer";
				COPY_PHASE_STRIP = NO;
				DEBUG_INFORMATION_FORMAT = "dwarf-with-dsym";
				ENABLE_NS_ASSERTIONS = NO;
				ENABLE_STRICT_OBJC_MSGSEND = YES;
				GCC_C_LANGUAGE_STANDARD = gnu99;
				GCC_NO_COMMON_BLOCKS = YES;
				GCC_WARN_64_TO_32_BIT_CONVERSION = YES;
				GCC_WARN_ABOUT_RETURN_TYPE = YES_ERROR;
				GCC_WARN_UNDECLARED_SELECTOR = YES;
				GCC_WARN_UNINITIALIZED_AUTOS = YES_AGGRESSIVE;
				GCC_WARN_UNUSED_FUNCTION = YES;
				GCC_WARN_UNUSED_VARIABLE = YES;
				IPHONEOS_DEPLOYMENT_TARGET = 10.3;
				MTL_ENABLE_DEBUG_INFO = NO;
				SDKROOT = iphoneos;
				SWIFT_OPTIMIZATION_LEVEL = "-Owholemodule";
				TARGETED_DEVICE_FAMILY = "1,2";
				VALIDATE_PRODUCT = YES;
			};
			name = Release;
		};
		04370DF01EC35D8C00CC382B /* Debug */ = {
			isa = XCBuildConfiguration;
			baseConfigurationReference = F1B9FE70E5575DCC96C01BBE /* Pods-RichEditorView.debug.xcconfig */;
			buildSettings = {
				ASSETCATALOG_COMPILER_APPICON_NAME = AppIcon;
				DEVELOPMENT_TEAM = J84TKTR38K;
				INFOPLIST_FILE = RichEditorView/Info.plist;
				IPHONEOS_DEPLOYMENT_TARGET = 8.0;
				LD_RUNPATH_SEARCH_PATHS = "$(inherited) @executable_path/Frameworks";
				PRODUCT_BUNDLE_IDENTIFIER = cn.chang.richeditor.RichEditorView;
				PRODUCT_NAME = "$(TARGET_NAME)";
				SWIFT_OBJC_BRIDGING_HEADER = "RichEditorView/Bridging-Header.h";
				SWIFT_VERSION = 3.0;
			};
			name = Debug;
		};
		04370DF11EC35D8C00CC382B /* Release */ = {
			isa = XCBuildConfiguration;
			baseConfigurationReference = F1A4F1201F9CE45845B725E5 /* Pods-RichEditorView.release.xcconfig */;
			buildSettings = {
				ASSETCATALOG_COMPILER_APPICON_NAME = AppIcon;
				DEVELOPMENT_TEAM = J84TKTR38K;
				INFOPLIST_FILE = RichEditorView/Info.plist;
				IPHONEOS_DEPLOYMENT_TARGET = 8.0;
				LD_RUNPATH_SEARCH_PATHS = "$(inherited) @executable_path/Frameworks";
				PRODUCT_BUNDLE_IDENTIFIER = cn.chang.richeditor.RichEditorView;
				PRODUCT_NAME = "$(TARGET_NAME)";
				SWIFT_OBJC_BRIDGING_HEADER = "RichEditorView/Bridging-Header.h";
				SWIFT_VERSION = 3.0;
			};
			name = Release;
		};
/* End XCBuildConfiguration section */

/* Begin XCConfigurationList section */
		04370DD81EC35D8B00CC382B /* Build configuration list for PBXProject "RichEditorView" */ = {
			isa = XCConfigurationList;
			buildConfigurations = (
				04370DED1EC35D8C00CC382B /* Debug */,
				04370DEE1EC35D8C00CC382B /* Release */,
			);
			defaultConfigurationIsVisible = 0;
			defaultConfigurationName = Release;
		};
		04370DEF1EC35D8C00CC382B /* Build configuration list for PBXNativeTarget "RichEditorView" */ = {
			isa = XCConfigurationList;
			buildConfigurations = (
				04370DF01EC35D8C00CC382B /* Debug */,
				04370DF11EC35D8C00CC382B /* Release */,
			);
			defaultConfigurationIsVisible = 0;
			defaultConfigurationName = Release;
		};
/* End XCConfigurationList section */
	};
	rootObject = 04370DD51EC35D8B00CC382B /* Project object */;
}
